{
  "name": "corazon",
  "version": "1.0.0",
  "lockfileVersion": 1,
  "requires": true,
  "dependencies": {
    "ejs": {
      "version": "2.5.7",
      "resolved": "https://registry.npmjs.org/ejs/-/ejs-2.5.7.tgz",
      "integrity": "sha1-zIcsFoiArjxxiXYv1f/ACJbJUYo="
    },
    "highlight": {
      "version": "0.2.4",
      "resolved": "https://registry.npmjs.org/highlight/-/highlight-0.2.4.tgz",
      "integrity": "sha1-isAodbA/WTXgZ1hSt2z+H9WODf8="
    }
  }
}
